// !$*UTF8*$!
{
	archiveVersion = 1;
	classes = {
	};
	objectVersion = 54;
	objects = {

/* Begin PBXBuildFile section */
		5F566F7FE59DC5257BEC24D5 /* Pods_Stock_portfolio.framework in Frameworks */ = {isa = PBXBuildFile; fileRef = EF2C60BCEA250E0BD4D4F316 /* Pods_Stock_portfolio.framework */; };
		E906B7EC2513A278001BB700 /* BuyStockVM.swift in Sources */ = {isa = PBXBuildFile; fileRef = E906B7EB2513A278001BB700 /* BuyStockVM.swift */; };
		E94E0C1F24F07B750087BAFC /* stocks_names.list.json in Resources */ = {isa = PBXBuildFile; fileRef = E94E0C1E24F07B750087BAFC /* stocks_names.list.json */; };
		E94E0C2624F07FD00087BAFC /* StocksSelectionViewController.swift in Sources */ = {isa = PBXBuildFile; fileRef = E94E0C2524F07FD00087BAFC /* StocksSelectionViewController.swift */; };
		E94E0C2824F088420087BAFC /* StockViewModel.swift in Sources */ = {isa = PBXBuildFile; fileRef = E94E0C2724F088420087BAFC /* StockViewModel.swift */; };
		E94E0C2B24F089CF0087BAFC /* Stock.swift in Sources */ = {isa = PBXBuildFile; fileRef = E94E0C2A24F089CF0087BAFC /* Stock.swift */; };
		E94E0C2D24F08A2E0087BAFC /* StockSelectionPresenter.swift in Sources */ = {isa = PBXBuildFile; fileRef = E94E0C2C24F08A2E0087BAFC /* StockSelectionPresenter.swift */; };
		E94E0C2F24F08F270087BAFC /* YahooFinance.swift in Sources */ = {isa = PBXBuildFile; fileRef = E94E0C2E24F08F270087BAFC /* YahooFinance.swift */; };
		E94E0C3224F11F880087BAFC /* StockVMTableViewCell.swift in Sources */ = {isa = PBXBuildFile; fileRef = E94E0C3124F11F880087BAFC /* StockVMTableViewCell.swift */; };
		E94E0C3424F125950087BAFC /* ExpandableHeaderFooterView.swift in Sources */ = {isa = PBXBuildFile; fileRef = E94E0C3324F125950087BAFC /* ExpandableHeaderFooterView.swift */; };
		E94E0C7424F6E9770087BAFC /* BuyScreenViewController.swift in Sources */ = {isa = PBXBuildFile; fileRef = E94E0C7324F6E9770087BAFC /* BuyScreenViewController.swift */; };
		E94E0C7624F96BCF0087BAFC /* StockDetaile.swift in Sources */ = {isa = PBXBuildFile; fileRef = E94E0C7524F96BCF0087BAFC /* StockDetaile.swift */; };
		E94E0C8424FE321C0087BAFC /* CellScreenViewController.swift in Sources */ = {isa = PBXBuildFile; fileRef = E94E0C8324FE321C0087BAFC /* CellScreenViewController.swift */; };
		E94E0C8624FE6BCF0087BAFC /* Extensions + UIAlertController.swift in Sources */ = {isa = PBXBuildFile; fileRef = E94E0C8524FE6BCF0087BAFC /* Extensions + UIAlertController.swift */; };
		E94E0C8824FE79880087BAFC /* Extensions + Double.swift in Sources */ = {isa = PBXBuildFile; fileRef = E94E0C8724FE79880087BAFC /* Extensions + Double.swift */; };
		E94E0C8F250398E50087BAFC /* HomeViewController.swift in Sources */ = {isa = PBXBuildFile; fileRef = E95C847124E7F43D00FC2A89 /* HomeViewController.swift */; };
		E94E0C9025039ACF0087BAFC /* CurrencyTableViewCell.swift in Sources */ = {isa = PBXBuildFile; fileRef = E94FB4EE24EECF6E006ED2B0 /* CurrencyTableViewCell.swift */; };
		E94E0C9125039AEB0087BAFC /* UserStockTableViewCell.swift in Sources */ = {isa = PBXBuildFile; fileRef = E94E0C6B24F599070087BAFC /* UserStockTableViewCell.swift */; };
		E94E0C9325039CDF0087BAFC /* HomeScreenPresenter.swift in Sources */ = {isa = PBXBuildFile; fileRef = E94E0C9225039CDF0087BAFC /* HomeScreenPresenter.swift */; };
		E94E0C9525039DCF0087BAFC /* HomeScreenStockVM.swift in Sources */ = {isa = PBXBuildFile; fileRef = E94E0C9425039DCF0087BAFC /* HomeScreenStockVM.swift */; };
		E94E0CA2250419C80087BAFC /* LoadingViewController.swift in Sources */ = {isa = PBXBuildFile; fileRef = E95C848224E99B0A00FC2A89 /* LoadingViewController.swift */; };
		E94E0CA3250419E60087BAFC /* SignUpAlertViewController.swift in Sources */ = {isa = PBXBuildFile; fileRef = E954B4B224E5D9D8001CA217 /* SignUpAlertViewController.swift */; };
		E94E0CA4250419EA0087BAFC /* LogIngViewController.swift in Sources */ = {isa = PBXBuildFile; fileRef = E954B48724E4555F001CA217 /* LogIngViewController.swift */; };
		E94E0CA6250428C70087BAFC /* Extensions + UIActivityIndicator.swift in Sources */ = {isa = PBXBuildFile; fileRef = E94E0CA5250428C70087BAFC /* Extensions + UIActivityIndicator.swift */; };
		E94FB4F124EEFA9A006ED2B0 /* CurrencyData.json in Resources */ = {isa = PBXBuildFile; fileRef = E94F159D24EDBCC70051B01D /* CurrencyData.json */; };
		E954B48424E4555F001CA217 /* AppDelegate.swift in Sources */ = {isa = PBXBuildFile; fileRef = E954B48324E4555F001CA217 /* AppDelegate.swift */; };
		E954B48624E4555F001CA217 /* SceneDelegate.swift in Sources */ = {isa = PBXBuildFile; fileRef = E954B48524E4555F001CA217 /* SceneDelegate.swift */; };
		E954B48B24E4555F001CA217 /* Main.storyboard in Resources */ = {isa = PBXBuildFile; fileRef = E954B48924E4555F001CA217 /* Main.storyboard */; };
		E954B48E24E4555F001CA217 /* Stock_portfolio.xcdatamodeld in Sources */ = {isa = PBXBuildFile; fileRef = E954B48C24E4555F001CA217 /* Stock_portfolio.xcdatamodeld */; };
		E954B49024E45564001CA217 /* Assets.xcassets in Resources */ = {isa = PBXBuildFile; fileRef = E954B48F24E45564001CA217 /* Assets.xcassets */; };
		E954B49324E45564001CA217 /* LaunchScreen.storyboard in Resources */ = {isa = PBXBuildFile; fileRef = E954B49124E45564001CA217 /* LaunchScreen.storyboard */; };
		E954B49E24E45564001CA217 /* Stock_portfolioTests.swift in Sources */ = {isa = PBXBuildFile; fileRef = E954B49D24E45564001CA217 /* Stock_portfolioTests.swift */; };
		E954B4AB24E46FF9001CA217 /* Extensions + UITextfield.swift in Sources */ = {isa = PBXBuildFile; fileRef = E954B4AA24E46FF9001CA217 /* Extensions + UITextfield.swift */; };
		E954B4AD24E47DA9001CA217 /* CustomButton.swift in Sources */ = {isa = PBXBuildFile; fileRef = E954B4AC24E47DA9001CA217 /* CustomButton.swift */; };
		E954B4B124E5C2BE001CA217 /* GoogleService-Info.plist in Resources */ = {isa = PBXBuildFile; fileRef = E954B4B024E5C2BE001CA217 /* GoogleService-Info.plist */; };
		E95C847024E70C1800FC2A89 /* Utilities.swift in Sources */ = {isa = PBXBuildFile; fileRef = E95C846F24E70C1800FC2A89 /* Utilities.swift */; };
		E95C847524E7F4D900FC2A89 /* Constants.swift in Sources */ = {isa = PBXBuildFile; fileRef = E95C847424E7F4D900FC2A89 /* Constants.swift */; };
		E95C847D24E847A000FC2A89 /* Router.swift in Sources */ = {isa = PBXBuildFile; fileRef = E95C847C24E847A000FC2A89 /* Router.swift */; };
		E95C848624E9B3D700FC2A89 /* User.swift in Sources */ = {isa = PBXBuildFile; fileRef = E95C848524E9B3D700FC2A89 /* User.swift */; };
		E95C848924E9BD6800FC2A89 /* UserDataBase.swift in Sources */ = {isa = PBXBuildFile; fileRef = E95C848824E9BD6800FC2A89 /* UserDataBase.swift */; };
		E95C848C24EC48D300FC2A89 /* ApiProtocol.swift in Sources */ = {isa = PBXBuildFile; fileRef = E95C848B24EC48D300FC2A89 /* ApiProtocol.swift */; };
		E95C848E24EC4D1F00FC2A89 /* CurrencyValue.swift in Sources */ = {isa = PBXBuildFile; fileRef = E95C848D24EC4D1F00FC2A89 /* CurrencyValue.swift */; };
		E95C849024EC532500FC2A89 /* Currency.swift in Sources */ = {isa = PBXBuildFile; fileRef = E95C848F24EC532500FC2A89 /* Currency.swift */; };
		E95C849224EDB09C00FC2A89 /* CurrencySimbols.json in Resources */ = {isa = PBXBuildFile; fileRef = E95C849124EDA18D00FC2A89 /* CurrencySimbols.json */; };
		E9A1C247250C008C0022520A /* CellStockVM.swift in Sources */ = {isa = PBXBuildFile; fileRef = E9A1C246250C008C0022520A /* CellStockVM.swift */; };
		E9C9DAAE252891CE00886830 /* CurrencyItem+CoreDataClass.swift in Sources */ = {isa = PBXBuildFile; fileRef = E9C9DAAC252891CE00886830 /* CurrencyItem+CoreDataClass.swift */; };
		E9C9DAAF252891CE00886830 /* CurrencyItem+CoreDataProperties.swift in Sources */ = {isa = PBXBuildFile; fileRef = E9C9DAAD252891CE00886830 /* CurrencyItem+CoreDataProperties.swift */; };
		E9C9DAB3252892C100886830 /* PersistenceManger.swift in Sources */ = {isa = PBXBuildFile; fileRef = E9C9DAB2252892C100886830 /* PersistenceManger.swift */; };
/* End PBXBuildFile section */

/* Begin PBXContainerItemProxy section */
		E954B49A24E45564001CA217 /* PBXContainerItemProxy */ = {
			isa = PBXContainerItemProxy;
			containerPortal = E954B47824E4555F001CA217 /* Project object */;
			proxyType = 1;
			remoteGlobalIDString = E954B47F24E4555F001CA217;
			remoteInfo = "Stock portfolio";
		};
/* End PBXContainerItemProxy section */

/* Begin PBXFileReference section */
		8B8709CC712AEE1C68A86ED2 /* Pods-Stock portfolio.release.xcconfig */ = {isa = PBXFileReference; includeInIndex = 1; lastKnownFileType = text.xcconfig; name = "Pods-Stock portfolio.release.xcconfig"; path = "Target Support Files/Pods-Stock portfolio/Pods-Stock portfolio.release.xcconfig"; sourceTree = "<group>"; };
		BB236495E4F901A94DAFB43D /* Pods-Stock portfolio.debug.xcconfig */ = {isa = PBXFileReference; includeInIndex = 1; lastKnownFileType = text.xcconfig; name = "Pods-Stock portfolio.debug.xcconfig"; path = "Target Support Files/Pods-Stock portfolio/Pods-Stock portfolio.debug.xcconfig"; sourceTree = "<group>"; };
		E906B7EB2513A278001BB700 /* BuyStockVM.swift */ = {isa = PBXFileReference; lastKnownFileType = sourcecode.swift; path = BuyStockVM.swift; sourceTree = "<group>"; };
		E94E0C1E24F07B750087BAFC /* stocks_names.list.json */ = {isa = PBXFileReference; fileEncoding = 4; lastKnownFileType = text.json; path = stocks_names.list.json; sourceTree = "<group>"; };
		E94E0C2524F07FD00087BAFC /* StocksSelectionViewController.swift */ = {isa = PBXFileReference; lastKnownFileType = sourcecode.swift; path = StocksSelectionViewController.swift; sourceTree = "<group>"; };
		E94E0C2724F088420087BAFC /* StockViewModel.swift */ = {isa = PBXFileReference; lastKnownFileType = sourcecode.swift; path = StockViewModel.swift; sourceTree = "<group>"; };
		E94E0C2A24F089CF0087BAFC /* Stock.swift */ = {isa = PBXFileReference; lastKnownFileType = sourcecode.swift; path = Stock.swift; sourceTree = "<group>"; };
		E94E0C2C24F08A2E0087BAFC /* StockSelectionPresenter.swift */ = {isa = PBXFileReference; lastKnownFileType = sourcecode.swift; path = StockSelectionPresenter.swift; sourceTree = "<group>"; };
		E94E0C2E24F08F270087BAFC /* YahooFinance.swift */ = {isa = PBXFileReference; lastKnownFileType = sourcecode.swift; path = YahooFinance.swift; sourceTree = "<group>"; };
		E94E0C3124F11F880087BAFC /* StockVMTableViewCell.swift */ = {isa = PBXFileReference; lastKnownFileType = sourcecode.swift; path = StockVMTableViewCell.swift; sourceTree = "<group>"; };
		E94E0C3324F125950087BAFC /* ExpandableHeaderFooterView.swift */ = {isa = PBXFileReference; lastKnownFileType = sourcecode.swift; path = ExpandableHeaderFooterView.swift; sourceTree = "<group>"; };
		E94E0C6B24F599070087BAFC /* UserStockTableViewCell.swift */ = {isa = PBXFileReference; lastKnownFileType = sourcecode.swift; path = UserStockTableViewCell.swift; sourceTree = "<group>"; };
		E94E0C7324F6E9770087BAFC /* BuyScreenViewController.swift */ = {isa = PBXFileReference; lastKnownFileType = sourcecode.swift; path = BuyScreenViewController.swift; sourceTree = "<group>"; };
		E94E0C7524F96BCF0087BAFC /* StockDetaile.swift */ = {isa = PBXFileReference; lastKnownFileType = sourcecode.swift; path = StockDetaile.swift; sourceTree = "<group>"; };
		E94E0C8324FE321C0087BAFC /* CellScreenViewController.swift */ = {isa = PBXFileReference; lastKnownFileType = sourcecode.swift; path = CellScreenViewController.swift; sourceTree = "<group>"; };
		E94E0C8524FE6BCF0087BAFC /* Extensions + UIAlertController.swift */ = {isa = PBXFileReference; lastKnownFileType = sourcecode.swift; path = "Extensions + UIAlertController.swift"; sourceTree = "<group>"; };
		E94E0C8724FE79880087BAFC /* Extensions + Double.swift */ = {isa = PBXFileReference; lastKnownFileType = sourcecode.swift; path = "Extensions + Double.swift"; sourceTree = "<group>"; };
		E94E0C9225039CDF0087BAFC /* HomeScreenPresenter.swift */ = {isa = PBXFileReference; lastKnownFileType = sourcecode.swift; path = HomeScreenPresenter.swift; sourceTree = "<group>"; };
		E94E0C9425039DCF0087BAFC /* HomeScreenStockVM.swift */ = {isa = PBXFileReference; lastKnownFileType = sourcecode.swift; path = HomeScreenStockVM.swift; sourceTree = "<group>"; };
		E94E0CA5250428C70087BAFC /* Extensions + UIActivityIndicator.swift */ = {isa = PBXFileReference; lastKnownFileType = sourcecode.swift; path = "Extensions + UIActivityIndicator.swift"; sourceTree = "<group>"; };
		E94F159D24EDBCC70051B01D /* CurrencyData.json */ = {isa = PBXFileReference; lastKnownFileType = text.json; path = CurrencyData.json; sourceTree = "<group>"; };
		E94FB4EE24EECF6E006ED2B0 /* CurrencyTableViewCell.swift */ = {isa = PBXFileReference; lastKnownFileType = sourcecode.swift; path = CurrencyTableViewCell.swift; sourceTree = "<group>"; };
		E954B48024E4555F001CA217 /* Stock portfolio.app */ = {isa = PBXFileReference; explicitFileType = wrapper.application; includeInIndex = 0; path = "Stock portfolio.app"; sourceTree = BUILT_PRODUCTS_DIR; };
		E954B48324E4555F001CA217 /* AppDelegate.swift */ = {isa = PBXFileReference; lastKnownFileType = sourcecode.swift; path = AppDelegate.swift; sourceTree = "<group>"; };
		E954B48524E4555F001CA217 /* SceneDelegate.swift */ = {isa = PBXFileReference; lastKnownFileType = sourcecode.swift; path = SceneDelegate.swift; sourceTree = "<group>"; };
		E954B48724E4555F001CA217 /* LogIngViewController.swift */ = {isa = PBXFileReference; lastKnownFileType = sourcecode.swift; path = LogIngViewController.swift; sourceTree = "<group>"; };
		E954B48A24E4555F001CA217 /* Base */ = {isa = PBXFileReference; lastKnownFileType = file.storyboard; name = Base; path = Base.lproj/Main.storyboard; sourceTree = "<group>"; };
		E954B48D24E4555F001CA217 /* Stock_portfolio.xcdatamodel */ = {isa = PBXFileReference; lastKnownFileType = wrapper.xcdatamodel; path = Stock_portfolio.xcdatamodel; sourceTree = "<group>"; };
		E954B48F24E45564001CA217 /* Assets.xcassets */ = {isa = PBXFileReference; lastKnownFileType = folder.assetcatalog; path = Assets.xcassets; sourceTree = "<group>"; };
		E954B49224E45564001CA217 /* Base */ = {isa = PBXFileReference; lastKnownFileType = file.storyboard; name = Base; path = Base.lproj/LaunchScreen.storyboard; sourceTree = "<group>"; };
		E954B49424E45564001CA217 /* Info.plist */ = {isa = PBXFileReference; lastKnownFileType = text.plist.xml; path = Info.plist; sourceTree = "<group>"; };
		E954B49924E45564001CA217 /* Stock portfolioTests.xctest */ = {isa = PBXFileReference; explicitFileType = wrapper.cfbundle; includeInIndex = 0; path = "Stock portfolioTests.xctest"; sourceTree = BUILT_PRODUCTS_DIR; };
		E954B49D24E45564001CA217 /* Stock_portfolioTests.swift */ = {isa = PBXFileReference; lastKnownFileType = sourcecode.swift; path = Stock_portfolioTests.swift; sourceTree = "<group>"; };
		E954B49F24E45564001CA217 /* Info.plist */ = {isa = PBXFileReference; lastKnownFileType = text.plist.xml; path = Info.plist; sourceTree = "<group>"; };
		E954B4AA24E46FF9001CA217 /* Extensions + UITextfield.swift */ = {isa = PBXFileReference; lastKnownFileType = sourcecode.swift; path = "Extensions + UITextfield.swift"; sourceTree = "<group>"; };
		E954B4AC24E47DA9001CA217 /* CustomButton.swift */ = {isa = PBXFileReference; lastKnownFileType = sourcecode.swift; path = CustomButton.swift; sourceTree = "<group>"; };
		E954B4B024E5C2BE001CA217 /* GoogleService-Info.plist */ = {isa = PBXFileReference; fileEncoding = 4; lastKnownFileType = text.plist.xml; path = "GoogleService-Info.plist"; sourceTree = "<group>"; };
		E954B4B224E5D9D8001CA217 /* SignUpAlertViewController.swift */ = {isa = PBXFileReference; lastKnownFileType = sourcecode.swift; path = SignUpAlertViewController.swift; sourceTree = "<group>"; };
		E95C846F24E70C1800FC2A89 /* Utilities.swift */ = {isa = PBXFileReference; lastKnownFileType = sourcecode.swift; path = Utilities.swift; sourceTree = "<group>"; };
		E95C847124E7F43D00FC2A89 /* HomeViewController.swift */ = {isa = PBXFileReference; lastKnownFileType = sourcecode.swift; path = HomeViewController.swift; sourceTree = "<group>"; };
		E95C847424E7F4D900FC2A89 /* Constants.swift */ = {isa = PBXFileReference; lastKnownFileType = sourcecode.swift; path = Constants.swift; sourceTree = "<group>"; };
		E95C847C24E847A000FC2A89 /* Router.swift */ = {isa = PBXFileReference; lastKnownFileType = sourcecode.swift; path = Router.swift; sourceTree = "<group>"; };
		E95C848224E99B0A00FC2A89 /* LoadingViewController.swift */ = {isa = PBXFileReference; lastKnownFileType = sourcecode.swift; path = LoadingViewController.swift; sourceTree = "<group>"; };
		E95C848524E9B3D700FC2A89 /* User.swift */ = {isa = PBXFileReference; lastKnownFileType = sourcecode.swift; path = User.swift; sourceTree = "<group>"; };
		E95C848824E9BD6800FC2A89 /* UserDataBase.swift */ = {isa = PBXFileReference; lastKnownFileType = sourcecode.swift; path = UserDataBase.swift; sourceTree = "<group>"; };
		E95C848B24EC48D300FC2A89 /* ApiProtocol.swift */ = {isa = PBXFileReference; lastKnownFileType = sourcecode.swift; path = ApiProtocol.swift; sourceTree = "<group>"; };
		E95C848D24EC4D1F00FC2A89 /* CurrencyValue.swift */ = {isa = PBXFileReference; lastKnownFileType = sourcecode.swift; path = CurrencyValue.swift; sourceTree = "<group>"; };
		E95C848F24EC532500FC2A89 /* Currency.swift */ = {isa = PBXFileReference; lastKnownFileType = sourcecode.swift; path = Currency.swift; sourceTree = "<group>"; };
		E95C849124EDA18D00FC2A89 /* CurrencySimbols.json */ = {isa = PBXFileReference; lastKnownFileType = text.json; path = CurrencySimbols.json; sourceTree = "<group>"; };
		E9A1C246250C008C0022520A /* CellStockVM.swift */ = {isa = PBXFileReference; lastKnownFileType = sourcecode.swift; path = CellStockVM.swift; sourceTree = "<group>"; };
		E9C9DAAC252891CE00886830 /* CurrencyItem+CoreDataClass.swift */ = {isa = PBXFileReference; lastKnownFileType = sourcecode.swift; name = "CurrencyItem+CoreDataClass.swift"; path = "Stock portfolio/Model/CoreData/CurrencyItem+CoreDataClass.swift"; sourceTree = SOURCE_ROOT; };
		E9C9DAAD252891CE00886830 /* CurrencyItem+CoreDataProperties.swift */ = {isa = PBXFileReference; lastKnownFileType = sourcecode.swift; name = "CurrencyItem+CoreDataProperties.swift"; path = "Stock portfolio/Model/CoreData/CurrencyItem+CoreDataProperties.swift"; sourceTree = SOURCE_ROOT; };
		E9C9DAB2252892C100886830 /* PersistenceManger.swift */ = {isa = PBXFileReference; lastKnownFileType = sourcecode.swift; path = PersistenceManger.swift; sourceTree = "<group>"; };
		EF2C60BCEA250E0BD4D4F316 /* Pods_Stock_portfolio.framework */ = {isa = PBXFileReference; explicitFileType = wrapper.framework; includeInIndex = 0; path = Pods_Stock_portfolio.framework; sourceTree = BUILT_PRODUCTS_DIR; };
/* End PBXFileReference section */

/* Begin PBXFrameworksBuildPhase section */
		E954B47D24E4555F001CA217 /* Frameworks */ = {
			isa = PBXFrameworksBuildPhase;
			buildActionMask = 2147483647;
			files = (
				5F566F7FE59DC5257BEC24D5 /* Pods_Stock_portfolio.framework in Frameworks */,
			);
			runOnlyForDeploymentPostprocessing = 0;
		};
		E954B49624E45564001CA217 /* Frameworks */ = {
			isa = PBXFrameworksBuildPhase;
			buildActionMask = 2147483647;
			files = (
			);
			runOnlyForDeploymentPostprocessing = 0;
		};
/* End PBXFrameworksBuildPhase section */

/* Begin PBXGroup section */
		516F0E10062E57B50AE57862 /* Pods */ = {
			isa = PBXGroup;
			children = (
				BB236495E4F901A94DAFB43D /* Pods-Stock portfolio.debug.xcconfig */,
				8B8709CC712AEE1C68A86ED2 /* Pods-Stock portfolio.release.xcconfig */,
			);
			path = Pods;
			sourceTree = "<group>";
		};
		E7B2A6C305D6989EC82E2F4C /* Frameworks */ = {
			isa = PBXGroup;
			children = (
				EF2C60BCEA250E0BD4D4F316 /* Pods_Stock_portfolio.framework */,
			);
			name = Frameworks;
			sourceTree = "<group>";
		};
		E906B7EA2513A1AE001BB700 /* View */ = {
			isa = PBXGroup;
			children = (
				E954B4AC24E47DA9001CA217 /* CustomButton.swift */,
			);
			path = View;
			sourceTree = "<group>";
		};
		E94E0C2024F07F240087BAFC /* Modules */ = {
			isa = PBXGroup;
			children = (
				E94E0C9E250419590087BAFC /* FirstLoading */,
				E94E0C9A2504192B0087BAFC /* SignUp */,
				E94E0C962503E6990087BAFC /* LogIn */,
				E94E0C7724F97A7D0087BAFC /* HomeScreen */,
				E94E0C7F24FE31DE0087BAFC /* CellScreen */,
				E94E0C2124F07F330087BAFC /* StockSelection */,
				E94E0C6D24F6E7F90087BAFC /* BuyScreen */,
			);
			path = Modules;
			sourceTree = "<group>";
		};
		E94E0C2124F07F330087BAFC /* StockSelection */ = {
			isa = PBXGroup;
			children = (
				E94E0C2424F07F550087BAFC /* ViewModel */,
				E94E0C2324F07F520087BAFC /* View */,
				E94E0C2224F07F4B0087BAFC /* Presenter */,
			);
			path = StockSelection;
			sourceTree = "<group>";
		};
		E94E0C2224F07F4B0087BAFC /* Presenter */ = {
			isa = PBXGroup;
			children = (
				E94E0C2C24F08A2E0087BAFC /* StockSelectionPresenter.swift */,
			);
			path = Presenter;
			sourceTree = "<group>";
		};
		E94E0C2324F07F520087BAFC /* View */ = {
			isa = PBXGroup;
			children = (
				E94E0C3024F11F690087BAFC /* Cell */,
				E94E0C2524F07FD00087BAFC /* StocksSelectionViewController.swift */,
			);
			path = View;
			sourceTree = "<group>";
		};
		E94E0C2424F07F550087BAFC /* ViewModel */ = {
			isa = PBXGroup;
			children = (
				E94E0C2724F088420087BAFC /* StockViewModel.swift */,
			);
			path = ViewModel;
			sourceTree = "<group>";
		};
		E94E0C3024F11F690087BAFC /* Cell */ = {
			isa = PBXGroup;
			children = (
				E94E0C3124F11F880087BAFC /* StockVMTableViewCell.swift */,
				E94E0C3324F125950087BAFC /* ExpandableHeaderFooterView.swift */,
			);
			path = Cell;
			sourceTree = "<group>";
		};
		E94E0C6D24F6E7F90087BAFC /* BuyScreen */ = {
			isa = PBXGroup;
			children = (
				E94E0C6E24F6E8AE0087BAFC /* ViewModel */,
				E94E0C7224F6E8D40087BAFC /* View */,
				E94E0C7024F6E8C40087BAFC /* Presenter */,
			);
			path = BuyScreen;
			sourceTree = "<group>";
		};
		E94E0C6E24F6E8AE0087BAFC /* ViewModel */ = {
			isa = PBXGroup;
			children = (
				E906B7EB2513A278001BB700 /* BuyStockVM.swift */,
			);
			path = ViewModel;
			sourceTree = "<group>";
		};
		E94E0C7024F6E8C40087BAFC /* Presenter */ = {
			isa = PBXGroup;
			children = (
			);
			path = Presenter;
			sourceTree = "<group>";
		};
		E94E0C7224F6E8D40087BAFC /* View */ = {
			isa = PBXGroup;
			children = (
				E94E0C7324F6E9770087BAFC /* BuyScreenViewController.swift */,
			);
			path = View;
			sourceTree = "<group>";
		};
		E94E0C7724F97A7D0087BAFC /* HomeScreen */ = {
			isa = PBXGroup;
			children = (
				E94E0C7C24F97A980087BAFC /* ViewModel */,
				E94E0C7B24F97A970087BAFC /* View */,
				E94E0C7824F97A8C0087BAFC /* Presenter */,
			);
			path = HomeScreen;
			sourceTree = "<group>";
		};
		E94E0C7824F97A8C0087BAFC /* Presenter */ = {
			isa = PBXGroup;
			children = (
				E94E0C9225039CDF0087BAFC /* HomeScreenPresenter.swift */,
			);
			path = Presenter;
			sourceTree = "<group>";
		};
		E94E0C7B24F97A970087BAFC /* View */ = {
			isa = PBXGroup;
			children = (
				E94FB4ED24EECF43006ED2B0 /* Cell */,
				E95C847124E7F43D00FC2A89 /* HomeViewController.swift */,
			);
			path = View;
			sourceTree = "<group>";
		};
		E94E0C7C24F97A980087BAFC /* ViewModel */ = {
			isa = PBXGroup;
			children = (
				E94E0C9425039DCF0087BAFC /* HomeScreenStockVM.swift */,
			);
			path = ViewModel;
			sourceTree = "<group>";
		};
		E94E0C7F24FE31DE0087BAFC /* CellScreen */ = {
			isa = PBXGroup;
			children = (
				E94E0C8224FE31EF0087BAFC /* ViewModel */,
				E94E0C8124FE31EE0087BAFC /* View */,
				E94E0C8024FE31EC0087BAFC /* Presenter */,
			);
			path = CellScreen;
			sourceTree = "<group>";
		};
		E94E0C8024FE31EC0087BAFC /* Presenter */ = {
			isa = PBXGroup;
			children = (
			);
			path = Presenter;
			sourceTree = "<group>";
		};
		E94E0C8124FE31EE0087BAFC /* View */ = {
			isa = PBXGroup;
			children = (
				E94E0C8324FE321C0087BAFC /* CellScreenViewController.swift */,
			);
			path = View;
			sourceTree = "<group>";
		};
		E94E0C8224FE31EF0087BAFC /* ViewModel */ = {
			isa = PBXGroup;
			children = (
				E9A1C246250C008C0022520A /* CellStockVM.swift */,
			);
			path = ViewModel;
			sourceTree = "<group>";
		};
		E94E0C962503E6990087BAFC /* LogIn */ = {
			isa = PBXGroup;
			children = (
				E94E0C99250419090087BAFC /* ViewModel */,
				E94E0C98250419050087BAFC /* View */,
				E94E0C97250419030087BAFC /* Presenter */,
			);
			path = LogIn;
			sourceTree = "<group>";
		};
		E94E0C97250419030087BAFC /* Presenter */ = {
			isa = PBXGroup;
			children = (
			);
			path = Presenter;
			sourceTree = "<group>";
		};
		E94E0C98250419050087BAFC /* View */ = {
			isa = PBXGroup;
			children = (
				E954B48724E4555F001CA217 /* LogIngViewController.swift */,
			);
			path = View;
			sourceTree = "<group>";
		};
		E94E0C99250419090087BAFC /* ViewModel */ = {
			isa = PBXGroup;
			children = (
			);
			path = ViewModel;
			sourceTree = "<group>";
		};
		E94E0C9A2504192B0087BAFC /* SignUp */ = {
			isa = PBXGroup;
			children = (
				E94E0C9D250419370087BAFC /* ViewModel */,
				E94E0C9C250419360087BAFC /* View */,
				E94E0C9B250419350087BAFC /* Presenter */,
			);
			path = SignUp;
			sourceTree = "<group>";
		};
		E94E0C9B250419350087BAFC /* Presenter */ = {
			isa = PBXGroup;
			children = (
			);
			path = Presenter;
			sourceTree = "<group>";
		};
		E94E0C9C250419360087BAFC /* View */ = {
			isa = PBXGroup;
			children = (
				E954B4B224E5D9D8001CA217 /* SignUpAlertViewController.swift */,
			);
			path = View;
			sourceTree = "<group>";
		};
		E94E0C9D250419370087BAFC /* ViewModel */ = {
			isa = PBXGroup;
			children = (
			);
			path = ViewModel;
			sourceTree = "<group>";
		};
		E94E0C9E250419590087BAFC /* FirstLoading */ = {
			isa = PBXGroup;
			children = (
				E94E0CA12504196E0087BAFC /* ViewModel */,
				E94E0CA02504196C0087BAFC /* View */,
				E94E0C9F2504196B0087BAFC /* Presenter */,
			);
			path = FirstLoading;
			sourceTree = "<group>";
		};
		E94E0C9F2504196B0087BAFC /* Presenter */ = {
			isa = PBXGroup;
			children = (
			);
			path = Presenter;
			sourceTree = "<group>";
		};
		E94E0CA02504196C0087BAFC /* View */ = {
			isa = PBXGroup;
			children = (
				E95C848224E99B0A00FC2A89 /* LoadingViewController.swift */,
			);
			path = View;
			sourceTree = "<group>";
		};
		E94E0CA12504196E0087BAFC /* ViewModel */ = {
			isa = PBXGroup;
			children = (
			);
			path = ViewModel;
			sourceTree = "<group>";
		};
		E94FB4ED24EECF43006ED2B0 /* Cell */ = {
			isa = PBXGroup;
			children = (
				E94FB4EE24EECF6E006ED2B0 /* CurrencyTableViewCell.swift */,
				E94E0C6B24F599070087BAFC /* UserStockTableViewCell.swift */,
			);
			path = Cell;
			sourceTree = "<group>";
		};
		E954B47724E4555F001CA217 = {
			isa = PBXGroup;
			children = (
				E954B48224E4555F001CA217 /* Stock portfolio */,
				E954B49C24E45564001CA217 /* Stock portfolioTests */,
				E954B48124E4555F001CA217 /* Products */,
				516F0E10062E57B50AE57862 /* Pods */,
				E7B2A6C305D6989EC82E2F4C /* Frameworks */,
			);
			sourceTree = "<group>";
		};
		E954B48124E4555F001CA217 /* Products */ = {
			isa = PBXGroup;
			children = (
				E954B48024E4555F001CA217 /* Stock portfolio.app */,
				E954B49924E45564001CA217 /* Stock portfolioTests.xctest */,
			);
			name = Products;
			sourceTree = "<group>";
		};
		E954B48224E4555F001CA217 /* Stock portfolio */ = {
			isa = PBXGroup;
			children = (
				E95C848A24EC48B700FC2A89 /* Services */,
				E95C848724E9BD4800FC2A89 /* DataBase */,
				E95C847B24E8478A00FC2A89 /* Router */,
				E95C847324E7F4C500FC2A89 /* Constants */,
				E95C846E24E70BD900FC2A89 /* Utilities */,
				E954B4A924E46FCC001CA217 /* Extensions */,
				E95C848424E9B3C400FC2A89 /* Model */,
				E906B7EA2513A1AE001BB700 /* View */,
				E94E0C2024F07F240087BAFC /* Modules */,
				E954B48324E4555F001CA217 /* AppDelegate.swift */,
				E954B48524E4555F001CA217 /* SceneDelegate.swift */,
				E954B48924E4555F001CA217 /* Main.storyboard */,
				E954B4A824E45579001CA217 /* Supporting Files */,
				E954B49424E45564001CA217 /* Info.plist */,
				E954B48C24E4555F001CA217 /* Stock_portfolio.xcdatamodeld */,
				E954B4B024E5C2BE001CA217 /* GoogleService-Info.plist */,
			);
			path = "Stock portfolio";
			sourceTree = "<group>";
		};
		E954B49C24E45564001CA217 /* Stock portfolioTests */ = {
			isa = PBXGroup;
			children = (
				E954B49D24E45564001CA217 /* Stock_portfolioTests.swift */,
				E954B49F24E45564001CA217 /* Info.plist */,
			);
			path = "Stock portfolioTests";
			sourceTree = "<group>";
		};
		E954B4A824E45579001CA217 /* Supporting Files */ = {
			isa = PBXGroup;
			children = (
				E954B48F24E45564001CA217 /* Assets.xcassets */,
				E954B49124E45564001CA217 /* LaunchScreen.storyboard */,
			);
			path = "Supporting Files";
			sourceTree = "<group>";
		};
		E954B4A924E46FCC001CA217 /* Extensions */ = {
			isa = PBXGroup;
			children = (
				E954B4AA24E46FF9001CA217 /* Extensions + UITextfield.swift */,
				E94E0C8524FE6BCF0087BAFC /* Extensions + UIAlertController.swift */,
				E94E0C8724FE79880087BAFC /* Extensions + Double.swift */,
				E94E0CA5250428C70087BAFC /* Extensions + UIActivityIndicator.swift */,
			);
			path = Extensions;
			sourceTree = "<group>";
		};
		E95C846E24E70BD900FC2A89 /* Utilities */ = {
			isa = PBXGroup;
			children = (
				E95C846F24E70C1800FC2A89 /* Utilities.swift */,
			);
			path = Utilities;
			sourceTree = "<group>";
		};
		E95C847324E7F4C500FC2A89 /* Constants */ = {
			isa = PBXGroup;
			children = (
				E95C847424E7F4D900FC2A89 /* Constants.swift */,
			);
			path = Constants;
			sourceTree = "<group>";
		};
		E95C847B24E8478A00FC2A89 /* Router */ = {
			isa = PBXGroup;
			children = (
				E95C847C24E847A000FC2A89 /* Router.swift */,
			);
			path = Router;
			sourceTree = "<group>";
		};
		E95C848424E9B3C400FC2A89 /* Model */ = {
			isa = PBXGroup;
			children = (
				E9C9DA9B2528912500886830 /* CoreData */,
				E95C848524E9B3D700FC2A89 /* User.swift */,
				E95C848F24EC532500FC2A89 /* Currency.swift */,
				E94E0C2A24F089CF0087BAFC /* Stock.swift */,
				E94E0C7524F96BCF0087BAFC /* StockDetaile.swift */,
			);
			path = Model;
			sourceTree = "<group>";
		};
		E95C848724E9BD4800FC2A89 /* DataBase */ = {
			isa = PBXGroup;
			children = (
				E95C849124EDA18D00FC2A89 /* CurrencySimbols.json */,
				E95C848824E9BD6800FC2A89 /* UserDataBase.swift */,
				E94F159D24EDBCC70051B01D /* CurrencyData.json */,
				E94E0C1E24F07B750087BAFC /* stocks_names.list.json */,
			);
			path = DataBase;
			sourceTree = "<group>";
		};
		E95C848A24EC48B700FC2A89 /* Services */ = {
			isa = PBXGroup;
			children = (
				E95C848B24EC48D300FC2A89 /* ApiProtocol.swift */,
				E95C848D24EC4D1F00FC2A89 /* CurrencyValue.swift */,
				E94E0C2E24F08F270087BAFC /* YahooFinance.swift */,
				E9C9DAB2252892C100886830 /* PersistenceManger.swift */,
			);
			path = Services;
			sourceTree = "<group>";
		};
		E9C9DA9B2528912500886830 /* CoreData */ = {
			isa = PBXGroup;
			children = (
				E9C9DAAC252891CE00886830 /* CurrencyItem+CoreDataClass.swift */,
				E9C9DAAD252891CE00886830 /* CurrencyItem+CoreDataProperties.swift */,
			);
			path = CoreData;
			sourceTree = "<group>";
		};
/* End PBXGroup section */

/* Begin PBXNativeTarget section */
		E954B47F24E4555F001CA217 /* Stock portfolio */ = {
			isa = PBXNativeTarget;
			buildConfigurationList = E954B4A224E45564001CA217 /* Build configuration list for PBXNativeTarget "Stock portfolio" */;
			buildPhases = (
				94258F33A7D3355D6562F3E8 /* [CP] Check Pods Manifest.lock */,
				E954B47C24E4555F001CA217 /* Sources */,
				E954B47D24E4555F001CA217 /* Frameworks */,
				E954B47E24E4555F001CA217 /* Resources */,
				0C8A1DB036585775D7CAE362 /* [CP] Embed Pods Frameworks */,
			);
			buildRules = (
			);
			dependencies = (
			);
			name = "Stock portfolio";
			productName = "Stock portfolio";
			productReference = E954B48024E4555F001CA217 /* Stock portfolio.app */;
			productType = "com.apple.product-type.application";
		};
		E954B49824E45564001CA217 /* Stock portfolioTests */ = {
			isa = PBXNativeTarget;
			buildConfigurationList = E954B4A524E45564001CA217 /* Build configuration list for PBXNativeTarget "Stock portfolioTests" */;
			buildPhases = (
				E954B49524E45564001CA217 /* Sources */,
				E954B49624E45564001CA217 /* Frameworks */,
				E954B49724E45564001CA217 /* Resources */,
			);
			buildRules = (
			);
			dependencies = (
				E954B49B24E45564001CA217 /* PBXTargetDependency */,
			);
			name = "Stock portfolioTests";
			productName = "Stock portfolioTests";
			productReference = E954B49924E45564001CA217 /* Stock portfolioTests.xctest */;
			productType = "com.apple.product-type.bundle.unit-test";
		};
/* End PBXNativeTarget section */

/* Begin PBXProject section */
		E954B47824E4555F001CA217 /* Project object */ = {
			isa = PBXProject;
			attributes = {
				LastSwiftUpdateCheck = 1160;
				LastUpgradeCheck = 1200;
				ORGANIZATIONNAME = Yoni;
				TargetAttributes = {
					E954B47F24E4555F001CA217 = {
						CreatedOnToolsVersion = 11.6;
					};
					E954B49824E45564001CA217 = {
						CreatedOnToolsVersion = 11.6;
						TestTargetID = E954B47F24E4555F001CA217;
					};
				};
			};
			buildConfigurationList = E954B47B24E4555F001CA217 /* Build configuration list for PBXProject "Stock portfolio" */;
			compatibilityVersion = "Xcode 12.0";
			developmentRegion = en;
			hasScannedForEncodings = 0;
			knownRegions = (
				en,
				Base,
			);
			mainGroup = E954B47724E4555F001CA217;
			productRefGroup = E954B48124E4555F001CA217 /* Products */;
			projectDirPath = "";
			projectRoot = "";
			targets = (
				E954B47F24E4555F001CA217 /* Stock portfolio */,
				E954B49824E45564001CA217 /* Stock portfolioTests */,
			);
		};
/* End PBXProject section */

/* Begin PBXResourcesBuildPhase section */
		E954B47E24E4555F001CA217 /* Resources */ = {
			isa = PBXResourcesBuildPhase;
			buildActionMask = 2147483647;
			files = (
				E954B49324E45564001CA217 /* LaunchScreen.storyboard in Resources */,
				E94E0C1F24F07B750087BAFC /* stocks_names.list.json in Resources */,
				E954B4B124E5C2BE001CA217 /* GoogleService-Info.plist in Resources */,
				E94FB4F124EEFA9A006ED2B0 /* CurrencyData.json in Resources */,
				E954B49024E45564001CA217 /* Assets.xcassets in Resources */,
				E95C849224EDB09C00FC2A89 /* CurrencySimbols.json in Resources */,
				E954B48B24E4555F001CA217 /* Main.storyboard in Resources */,
			);
			runOnlyForDeploymentPostprocessing = 0;
		};
		E954B49724E45564001CA217 /* Resources */ = {
			isa = PBXResourcesBuildPhase;
			buildActionMask = 2147483647;
			files = (
			);
			runOnlyForDeploymentPostprocessing = 0;
		};
/* End PBXResourcesBuildPhase section */

/* Begin PBXShellScriptBuildPhase section */
		0C8A1DB036585775D7CAE362 /* [CP] Embed Pods Frameworks */ = {
			isa = PBXShellScriptBuildPhase;
			buildActionMask = 2147483647;
			files = (
			);
			inputFileListPaths = (
				"${PODS_ROOT}/Target Support Files/Pods-Stock portfolio/Pods-Stock portfolio-frameworks-${CONFIGURATION}-input-files.xcfilelist",
			);
			name = "[CP] Embed Pods Frameworks";
			outputFileListPaths = (
				"${PODS_ROOT}/Target Support Files/Pods-Stock portfolio/Pods-Stock portfolio-frameworks-${CONFIGURATION}-output-files.xcfilelist",
			);
			runOnlyForDeploymentPostprocessing = 0;
			shellPath = /bin/sh;
			shellScript = "\"${PODS_ROOT}/Target Support Files/Pods-Stock portfolio/Pods-Stock portfolio-frameworks.sh\"\n";
			showEnvVarsInLog = 0;
		};
		94258F33A7D3355D6562F3E8 /* [CP] Check Pods Manifest.lock */ = {
			isa = PBXShellScriptBuildPhase;
			buildActionMask = 2147483647;
			files = (
			);
			inputFileListPaths = (
			);
			inputPaths = (
				"${PODS_PODFILE_DIR_PATH}/Podfile.lock",
				"${PODS_ROOT}/Manifest.lock",
			);
			name = "[CP] Check Pods Manifest.lock";
			outputFileListPaths = (
			);
			outputPaths = (
				"$(DERIVED_FILE_DIR)/Pods-Stock portfolio-checkManifestLockResult.txt",
			);
			runOnlyForDeploymentPostprocessing = 0;
			shellPath = /bin/sh;
			shellScript = "diff \"${PODS_PODFILE_DIR_PATH}/Podfile.lock\" \"${PODS_ROOT}/Manifest.lock\" > /dev/null\nif [ $? != 0 ] ; then\n    # print error to STDERR\n    echo \"error: The sandbox is not in sync with the Podfile.lock. Run 'pod install' or update your CocoaPods installation.\" >&2\n    exit 1\nfi\n# This output is used by Xcode 'outputs' to avoid re-running this script phase.\necho \"SUCCESS\" > \"${SCRIPT_OUTPUT_FILE_0}\"\n";
			showEnvVarsInLog = 0;
		};
/* End PBXShellScriptBuildPhase section */

/* Begin PBXSourcesBuildPhase section */
		E954B47C24E4555F001CA217 /* Sources */ = {
			isa = PBXSourcesBuildPhase;
			buildActionMask = 2147483647;
			files = (
				E95C848624E9B3D700FC2A89 /* User.swift in Sources */,
				E94E0C9325039CDF0087BAFC /* HomeScreenPresenter.swift in Sources */,
				E94E0C9525039DCF0087BAFC /* HomeScreenStockVM.swift in Sources */,
				E95C847D24E847A000FC2A89 /* Router.swift in Sources */,
				E94E0CA6250428C70087BAFC /* Extensions + UIActivityIndicator.swift in Sources */,
				E95C847524E7F4D900FC2A89 /* Constants.swift in Sources */,
				E94E0C9025039ACF0087BAFC /* CurrencyTableViewCell.swift in Sources */,
				E94E0C2624F07FD00087BAFC /* StocksSelectionViewController.swift in Sources */,
				E954B48E24E4555F001CA217 /* Stock_portfolio.xcdatamodeld in Sources */,
				E94E0C3424F125950087BAFC /* ExpandableHeaderFooterView.swift in Sources */,
				E95C848924E9BD6800FC2A89 /* UserDataBase.swift in Sources */,
				E95C848E24EC4D1F00FC2A89 /* CurrencyValue.swift in Sources */,
				E94E0C8824FE79880087BAFC /* Extensions + Double.swift in Sources */,
				E95C848C24EC48D300FC2A89 /* ApiProtocol.swift in Sources */,
				E94E0C2F24F08F270087BAFC /* YahooFinance.swift in Sources */,
				E94E0CA4250419EA0087BAFC /* LogIngViewController.swift in Sources */,
				E94E0C8624FE6BCF0087BAFC /* Extensions + UIAlertController.swift in Sources */,
				E954B4AD24E47DA9001CA217 /* CustomButton.swift in Sources */,
				E906B7EC2513A278001BB700 /* BuyStockVM.swift in Sources */,
				E94E0CA2250419C80087BAFC /* LoadingViewController.swift in Sources */,
				E9C9DAB3252892C100886830 /* PersistenceManger.swift in Sources */,
				E94E0C2D24F08A2E0087BAFC /* StockSelectionPresenter.swift in Sources */,
				E9C9DAAF252891CE00886830 /* CurrencyItem+CoreDataProperties.swift in Sources */,
				E94E0C8424FE321C0087BAFC /* CellScreenViewController.swift in Sources */,
				E94E0C7424F6E9770087BAFC /* BuyScreenViewController.swift in Sources */,
				E954B48424E4555F001CA217 /* AppDelegate.swift in Sources */,
				E95C847024E70C1800FC2A89 /* Utilities.swift in Sources */,
				E95C849024EC532500FC2A89 /* Currency.swift in Sources */,
				E954B4AB24E46FF9001CA217 /* Extensions + UITextfield.swift in Sources */,
				E94E0C7624F96BCF0087BAFC /* StockDetaile.swift in Sources */,
				E954B48624E4555F001CA217 /* SceneDelegate.swift in Sources */,
				E9C9DAAE252891CE00886830 /* CurrencyItem+CoreDataClass.swift in Sources */,
				E94E0C2B24F089CF0087BAFC /* Stock.swift in Sources */,
				E94E0C8F250398E50087BAFC /* HomeViewController.swift in Sources */,
				E94E0CA3250419E60087BAFC /* SignUpAlertViewController.swift in Sources */,
				E94E0C2824F088420087BAFC /* StockViewModel.swift in Sources */,
				E94E0C9125039AEB0087BAFC /* UserStockTableViewCell.swift in Sources */,
				E94E0C3224F11F880087BAFC /* StockVMTableViewCell.swift in Sources */,
				E9A1C247250C008C0022520A /* CellStockVM.swift in Sources */,
			);
			runOnlyForDeploymentPostprocessing = 0;
		};
		E954B49524E45564001CA217 /* Sources */ = {
			isa = PBXSourcesBuildPhase;
			buildActionMask = 2147483647;
			files = (
				E954B49E24E45564001CA217 /* Stock_portfolioTests.swift in Sources */,
			);
			runOnlyForDeploymentPostprocessing = 0;
		};
/* End PBXSourcesBuildPhase section */

/* Begin PBXTargetDependency section */
		E954B49B24E45564001CA217 /* PBXTargetDependency */ = {
			isa = PBXTargetDependency;
			target = E954B47F24E4555F001CA217 /* Stock portfolio */;
			targetProxy = E954B49A24E45564001CA217 /* PBXContainerItemProxy */;
		};
/* End PBXTargetDependency section */

/* Begin PBXVariantGroup section */
		E954B48924E4555F001CA217 /* Main.storyboard */ = {
			isa = PBXVariantGroup;
			children = (
				E954B48A24E4555F001CA217 /* Base */,
			);
			name = Main.storyboard;
			sourceTree = "<group>";
		};
		E954B49124E45564001CA217 /* LaunchScreen.storyboard */ = {
			isa = PBXVariantGroup;
			children = (
				E954B49224E45564001CA217 /* Base */,
			);
			name = LaunchScreen.storyboard;
			sourceTree = "<group>";
		};
/* End PBXVariantGroup section */

/* Begin XCBuildConfiguration section */
		E954B4A024E45564001CA217 /* Debug */ = {
			isa = XCBuildConfiguration;
			buildSettings = {
				ALWAYS_SEARCH_USER_PATHS = NO;
				CLANG_ANALYZER_NONNULL = YES;
				CLANG_ANALYZER_NUMBER_OBJECT_CONVERSION = YES_AGGRESSIVE;
				CLANG_CXX_LANGUAGE_STANDARD = "gnu++14";
				CLANG_CXX_LIBRARY = "libc++";
				CLANG_ENABLE_MODULES = YES;
				CLANG_ENABLE_OBJC_ARC = YES;
				CLANG_ENABLE_OBJC_WEAK = YES;
				CLANG_WARN_BLOCK_CAPTURE_AUTORELEASING = YES;
				CLANG_WARN_BOOL_CONVERSION = YES;
				CLANG_WARN_COMMA = YES;
				CLANG_WARN_CONSTANT_CONVERSION = YES;
				CLANG_WARN_DEPRECATED_OBJC_IMPLEMENTATIONS = YES;
				CLANG_WARN_DIRECT_OBJC_ISA_USAGE = YES_ERROR;
				CLANG_WARN_DOCUMENTATION_COMMENTS = YES;
				CLANG_WARN_EMPTY_BODY = YES;
				CLANG_WARN_ENUM_CONVERSION = YES;
				CLANG_WARN_INFINITE_RECURSION = YES;
				CLANG_WARN_INT_CONVERSION = YES;
				CLANG_WARN_NON_LITERAL_NULL_CONVERSION = YES;
				CLANG_WARN_OBJC_IMPLICIT_RETAIN_SELF = YES;
				CLANG_WARN_OBJC_LITERAL_CONVERSION = YES;
				CLANG_WARN_OBJC_ROOT_CLASS = YES_ERROR;
				CLANG_WARN_QUOTED_INCLUDE_IN_FRAMEWORK_HEADER = YES;
				CLANG_WARN_RANGE_LOOP_ANALYSIS = YES;
				CLANG_WARN_STRICT_PROTOTYPES = YES;
				CLANG_WARN_SUSPICIOUS_MOVE = YES;
				CLANG_WARN_UNGUARDED_AVAILABILITY = YES_AGGRESSIVE;
				CLANG_WARN_UNREACHABLE_CODE = YES;
				CLANG_WARN__DUPLICATE_METHOD_MATCH = YES;
				COPY_PHASE_STRIP = NO;
				DEBUG_INFORMATION_FORMAT = dwarf;
				ENABLE_STRICT_OBJC_MSGSEND = YES;
				ENABLE_TESTABILITY = YES;
				GCC_C_LANGUAGE_STANDARD = gnu11;
				GCC_DYNAMIC_NO_PIC = NO;
				GCC_NO_COMMON_BLOCKS = YES;
				GCC_OPTIMIZATION_LEVEL = 0;
				GCC_PREPROCESSOR_DEFINITIONS = (
					"DEBUG=1",
					"$(inherited)",
				);
				GCC_WARN_64_TO_32_BIT_CONVERSION = YES;
				GCC_WARN_ABOUT_RETURN_TYPE = YES_ERROR;
				GCC_WARN_UNDECLARED_SELECTOR = YES;
				GCC_WARN_UNINITIALIZED_AUTOS = YES_AGGRESSIVE;
				GCC_WARN_UNUSED_FUNCTION = YES;
				GCC_WARN_UNUSED_VARIABLE = YES;
				IPHONEOS_DEPLOYMENT_TARGET = 13.6;
				MTL_ENABLE_DEBUG_INFO = INCLUDE_SOURCE;
				MTL_FAST_MATH = YES;
				ONLY_ACTIVE_ARCH = YES;
				SDKROOT = iphoneos;
				SWIFT_ACTIVE_COMPILATION_CONDITIONS = DEBUG;
				SWIFT_OPTIMIZATION_LEVEL = "-Onone";
			};
			name = Debug;
		};
		E954B4A124E45564001CA217 /* Release */ = {
			isa = XCBuildConfiguration;
			buildSettings = {
				ALWAYS_SEARCH_USER_PATHS = NO;
				CLANG_ANALYZER_NONNULL = YES;
				CLANG_ANALYZER_NUMBER_OBJECT_CONVERSION = YES_AGGRESSIVE;
				CLANG_CXX_LANGUAGE_STANDARD = "gnu++14";
				CLANG_CXX_LIBRARY = "libc++";
				CLANG_ENABLE_MODULES = YES;
				CLANG_ENABLE_OBJC_ARC = YES;
				CLANG_ENABLE_OBJC_WEAK = YES;
				CLANG_WARN_BLOCK_CAPTURE_AUTORELEASING = YES;
				CLANG_WARN_BOOL_CONVERSION = YES;
				CLANG_WARN_COMMA = YES;
				CLANG_WARN_CONSTANT_CONVERSION = YES;
				CLANG_WARN_DEPRECATED_OBJC_IMPLEMENTATIONS = YES;
				CLANG_WARN_DIRECT_OBJC_ISA_USAGE = YES_ERROR;
				CLANG_WARN_DOCUMENTATION_COMMENTS = YES;
				CLANG_WARN_EMPTY_BODY = YES;
				CLANG_WARN_ENUM_CONVERSION = YES;
				CLANG_WARN_INFINITE_RECURSION = YES;
				CLANG_WARN_INT_CONVERSION = YES;
				CLANG_WARN_NON_LITERAL_NULL_CONVERSION = YES;
				CLANG_WARN_OBJC_IMPLICIT_RETAIN_SELF = YES;
				CLANG_WARN_OBJC_LITERAL_CONVERSION = YES;
				CLANG_WARN_OBJC_ROOT_CLASS = YES_ERROR;
				CLANG_WARN_QUOTED_INCLUDE_IN_FRAMEWORK_HEADER = YES;
				CLANG_WARN_RANGE_LOOP_ANALYSIS = YES;
				CLANG_WARN_STRICT_PROTOTYPES = YES;
				CLANG_WARN_SUSPICIOUS_MOVE = YES;
				CLANG_WARN_UNGUARDED_AVAILABILITY = YES_AGGRESSIVE;
				CLANG_WARN_UNREACHABLE_CODE = YES;
				CLANG_WARN__DUPLICATE_METHOD_MATCH = YES;
				COPY_PHASE_STRIP = NO;
				DEBUG_INFORMATION_FORMAT = "dwarf-with-dsym";
				ENABLE_NS_ASSERTIONS = NO;
				ENABLE_STRICT_OBJC_MSGSEND = YES;
				GCC_C_LANGUAGE_STANDARD = gnu11;
				GCC_NO_COMMON_BLOCKS = YES;
				GCC_WARN_64_TO_32_BIT_CONVERSION = YES;
				GCC_WARN_ABOUT_RETURN_TYPE = YES_ERROR;
				GCC_WARN_UNDECLARED_SELECTOR = YES;
				GCC_WARN_UNINITIALIZED_AUTOS = YES_AGGRESSIVE;
				GCC_WARN_UNUSED_FUNCTION = YES;
				GCC_WARN_UNUSED_VARIABLE = YES;
				IPHONEOS_DEPLOYMENT_TARGET = 13.6;
				MTL_ENABLE_DEBUG_INFO = NO;
				MTL_FAST_MATH = YES;
				SDKROOT = iphoneos;
				SWIFT_COMPILATION_MODE = wholemodule;
				SWIFT_OPTIMIZATION_LEVEL = "-O";
				VALIDATE_PRODUCT = YES;
			};
			name = Release;
		};
		E954B4A324E45564001CA217 /* Debug */ = {
			isa = XCBuildConfiguration;
			baseConfigurationReference = BB236495E4F901A94DAFB43D /* Pods-Stock portfolio.debug.xcconfig */;
			buildSettings = {
				ASSETCATALOG_COMPILER_APPICON_NAME = AppIcon;
				CODE_SIGN_STYLE = Automatic;
				DEVELOPMENT_TEAM = R7D7RWW83F;
				INFOPLIST_FILE = "Stock portfolio/Info.plist";
				LD_RUNPATH_SEARCH_PATHS = (
					"$(inherited)",
					"@executable_path/Frameworks",
				);
				PRODUCT_BUNDLE_IDENTIFIER = "Yoni.Stock-portfolio";
				PRODUCT_NAME = "$(TARGET_NAME)";
				SWIFT_VERSION = 5.0;
				TARGETED_DEVICE_FAMILY = 1;
			};
			name = Debug;
		};
		E954B4A424E45564001CA217 /* Release */ = {
			isa = XCBuildConfiguration;
			baseConfigurationReference = 8B8709CC712AEE1C68A86ED2 /* Pods-Stock portfolio.release.xcconfig */;
			buildSettings = {
				ASSETCATALOG_COMPILER_APPICON_NAME = AppIcon;
				CODE_SIGN_STYLE = Automatic;
				DEVELOPMENT_TEAM = R7D7RWW83F;
				INFOPLIST_FILE = "Stock portfolio/Info.plist";
				LD_RUNPATH_SEARCH_PATHS = (
					"$(inherited)",
					"@executable_path/Frameworks",
				);
				PRODUCT_BUNDLE_IDENTIFIER = "Yoni.Stock-portfolio";
				PRODUCT_NAME = "$(TARGET_NAME)";
				SWIFT_VERSION = 5.0;
				TARGETED_DEVICE_FAMILY = 1;
			};
			name = Release;
		};
		E954B4A624E45564001CA217 /* Debug */ = {
			isa = XCBuildConfiguration;
			buildSettings = {
				ALWAYS_EMBED_SWIFT_STANDARD_LIBRARIES = YES;
				BUNDLE_LOADER = "$(TEST_HOST)";
				CODE_SIGN_STYLE = Automatic;
				DEVELOPMENT_TEAM = R7D7RWW83F;
				INFOPLIST_FILE = "Stock portfolioTests/Info.plist";
				IPHONEOS_DEPLOYMENT_TARGET = 13.6;
				LD_RUNPATH_SEARCH_PATHS = (
					"$(inherited)",
					"@executable_path/Frameworks",
					"@loader_path/Frameworks",
				);
				PRODUCT_BUNDLE_IDENTIFIER = "Yoni.Stock-portfolioTests";
				PRODUCT_NAME = "$(TARGET_NAME)";
				SWIFT_VERSION = 5.0;
				TARGETED_DEVICE_FAMILY = "1,2";
				TEST_HOST = "$(BUILT_PRODUCTS_DIR)/Stock portfolio.app/Stock portfolio";
			};
			name = Debug;
		};
		E954B4A724E45564001CA217 /* Release */ = {
			isa = XCBuildConfiguration;
			buildSettings = {
				ALWAYS_EMBED_SWIFT_STANDARD_LIBRARIES = YES;
				BUNDLE_LOADER = "$(TEST_HOST)";
				CODE_SIGN_STYLE = Automatic;
				DEVELOPMENT_TEAM = R7D7RWW83F;
				INFOPLIST_FILE = "Stock portfolioTests/Info.plist";
				IPHONEOS_DEPLOYMENT_TARGET = 13.6;
				LD_RUNPATH_SEARCH_PATHS = (
					"$(inherited)",
					"@executable_path/Frameworks",
					"@loader_path/Frameworks",
				);
				PRODUCT_BUNDLE_IDENTIFIER = "Yoni.Stock-portfolioTests";
				PRODUCT_NAME = "$(TARGET_NAME)";
				SWIFT_VERSION = 5.0;
				TARGETED_DEVICE_FAMILY = "1,2";
				TEST_HOST = "$(BUILT_PRODUCTS_DIR)/Stock portfolio.app/Stock portfolio";
			};
			name = Release;
		};
/* End XCBuildConfiguration section */

/* Begin XCConfigurationList section */
		E954B47B24E4555F001CA217 /* Build configuration list for PBXProject "Stock portfolio" */ = {
			isa = XCConfigurationList;
			buildConfigurations = (
				E954B4A024E45564001CA217 /* Debug */,
				E954B4A124E45564001CA217 /* Release */,
			);
			defaultConfigurationIsVisible = 0;
			defaultConfigurationName = Release;
		};
		E954B4A224E45564001CA217 /* Build configuration list for PBXNativeTarget "Stock portfolio" */ = {
			isa = XCConfigurationList;
			buildConfigurations = (
				E954B4A324E45564001CA217 /* Debug */,
				E954B4A424E45564001CA217 /* Release */,
			);
			defaultConfigurationIsVisible = 0;
			defaultConfigurationName = Release;
		};
		E954B4A524E45564001CA217 /* Build configuration list for PBXNativeTarget "Stock portfolioTests" */ = {
			isa = XCConfigurationList;
			buildConfigurations = (
				E954B4A624E45564001CA217 /* Debug */,
				E954B4A724E45564001CA217 /* Release */,
			);
			defaultConfigurationIsVisible = 0;
			defaultConfigurationName = Release;
		};
/* End XCConfigurationList section */

/* Begin XCVersionGroup section */
		E954B48C24E4555F001CA217 /* Stock_portfolio.xcdatamodeld */ = {
			isa = XCVersionGroup;
			children = (
				E954B48D24E4555F001CA217 /* Stock_portfolio.xcdatamodel */,
			);
			currentVersion = E954B48D24E4555F001CA217 /* Stock_portfolio.xcdatamodel */;
			path = Stock_portfolio.xcdatamodeld;
			sourceTree = "<group>";
			versionGroupType = wrapper.xcdatamodel;
		};
/* End XCVersionGroup section */
	};
	rootObject = E954B47824E4555F001CA217 /* Project object */;
}
